
Microsoft Visual Studio Solution File, Format Version 12.00
# Visual Studio 2012
Project("{FAE04EC0-301F-11D3-BF4B-00C04F79EFBC}") = "COMP397-Createjs", "COMP397-Createjs\COMP397-Createjs.csproj", "{AE07C29C-D1C6-4CC1-8DD6-4B2D52A50652}"
EndProject
Global
	GlobalSection(SolutionConfigurationPlatforms) = preSolution
		Debug|Any CPU = Debug|Any CPU
		Release|Any CPU = Release|Any CPU
	EndGlobalSection
	GlobalSection(ProjectConfigurationPlatforms) = postSolution
		{AE07C29C-D1C6-4CC1-8DD6-4B2D52A50652}.Debug|Any CPU.ActiveCfg = Debug|Any CPU
		{AE07C29C-D1C6-4CC1-8DD6-4B2D52A50652}.Debug|Any CPU.Build.0 = Debug|Any CPU
		{AE07C29C-D1C6-4CC1-8DD6-4B2D52A50652}.Release|Any CPU.ActiveCfg = Release|Any CPU
		{AE07C29C-D1C6-4CC1-8DD6-4B2D52A50652}.Release|Any CPU.Build.0 = Release|Any CPU
	EndGlobalSection
	GlobalSection(SolutionProperties) = preSolution
		HideSolutionNode = FALSE
	EndGlobalSection
EndGlobal
